
Microsoft Visual Studio Solution File, Format Version 12.00
# Visual Studio 15
VisualStudioVersion = 15.0.28307.757
MinimumVisualStudioVersion = 10.0.40219.1
Project("{8BC9CEB8-8B4A-11D0-8D11-00A0C91BC942}") = "cache", "cache\cache.vcxproj", "{D3CA1098-963A-4667-AD62-4CDF8778C6AC}"
	ProjectSection(ProjectDependencies) = postProject
		{589EA6ED-CF4F-4DCE-BECB-7FF9418BD7C0} = {589EA6ED-CF4F-4DCE-BECB-7FF9418BD7C0}
	EndProjectSection
EndProject
Project("{8BC9CEB8-8B4A-11D0-8D11-00A0C91BC942}") = "cacheCore", "cacheCore\cacheCore.vcxproj", "{589EA6ED-CF4F-4DCE-BECB-7FF9418BD7C0}"
EndProject
Global
	GlobalSection(SolutionConfigurationPlatforms) = preSolution
		Debug|x64 = Debug|x64
		Debug|x86 = Debug|x86
		Release|x64 = Release|x64
		Release|x86 = Release|x86
	EndGlobalSection
	GlobalSection(ProjectConfigurationPlatforms) = postSolution
		{D3CA1098-963A-4667-AD62-4CDF8778C6AC}.Debug|x64.ActiveCfg = Debug|x64
		{D3CA1098-963A-4667-AD62-4CDF8778C6AC}.Debug|x64.Build.0 = Debug|x64
		{D3CA1098-963A-4667-AD62-4CDF8778C6AC}.Debug|x86.ActiveCfg = Debug|Win32
		{D3CA1098-963A-4667-AD62-4CDF8778C6AC}.Debug|x86.Build.0 = Debug|Win32
		{D3CA1098-963A-4667-AD62-4CDF8778C6AC}.Release|x64.ActiveCfg = Release|x64
		{D3CA1098-963A-4667-AD62-4CDF8778C6AC}.Release|x64.Build.0 = Release|x64
		{D3CA1098-963A-4667-AD62-4CDF8778C6AC}.Release|x86.ActiveCfg = Release|Win32
		{D3CA1098-963A-4667-AD62-4CDF8778C6AC}.Release|x86.Build.0 = Release|Win32
		{589EA6ED-CF4F-4DCE-BECB-7FF9418BD7C0}.Debug|x64.ActiveCfg = Debug|x64
		{589EA6ED-CF4F-4DCE-BECB-7FF9418BD7C0}.Debug|x64.Build.0 = Debug|x64
		{589EA6ED-CF4F-4DCE-BECB-7FF9418BD7C0}.Debug|x86.ActiveCfg = Debug|Win32
		{589EA6ED-CF4F-4DCE-BECB-7FF9418BD7C0}.Debug|x86.Build.0 = Debug|Win32
		{589EA6ED-CF4F-4DCE-BECB-7FF9418BD7C0}.Release|x64.ActiveCfg = Release|x64
		{589EA6ED-CF4F-4DCE-BECB-7FF9418BD7C0}.Release|x64.Build.0 = Release|x64
		{589EA6ED-CF4F-4DCE-BECB-7FF9418BD7C0}.Release|x86.ActiveCfg = Release|Win32
		{589EA6ED-CF4F-4DCE-BECB-7FF9418BD7C0}.Release|x86.Build.0 = Release|Win32
	EndGlobalSection
	GlobalSection(SolutionProperties) = preSolution
		HideSolutionNode = FALSE
	EndGlobalSection
	GlobalSection(ExtensibilityGlobals) = postSolution
		SolutionGuid = {DD997FA7-BF96-4854-B716-C926B00EB86D}
	EndGlobalSection
EndGlobal
